
Microsoft Visual Studio Solution File, Format Version 12.00
# Visual Studio Version 17
VisualStudioVersion = 17.5.002.0
MinimumVisualStudioVersion = 10.0.40219.1
Project("{9A19103F-16F7-4668-BE54-9A1E7A4F7556}") = "02", "02.csproj", "{F9D3FA47-EE51-4EAF-AD38-DF1F6962EE24}"
EndProject
Global
	GlobalSection(SolutionConfigurationPlatforms) = preSolution
		Debug|Any CPU = Debug|Any CPU
		Release|Any CPU = Release|Any CPU
	EndGlobalSection
	GlobalSection(ProjectConfigurationPlatforms) = postSolution
		{F9D3FA47-EE51-4EAF-AD38-DF1F6962EE24}.Debug|Any CPU.ActiveCfg = Debug|Any CPU
		{F9D3FA47-EE51-4EAF-AD38-DF1F6962EE24}.Debug|Any CPU.Build.0 = Debug|Any CPU
		{F9D3FA47-EE51-4EAF-AD38-DF1F6962EE24}.Release|Any CPU.ActiveCfg = Release|Any CPU
		{F9D3FA47-EE51-4EAF-AD38-DF1F6962EE24}.Release|Any CPU.Build.0 = Release|Any CPU
	EndGlobalSection
	GlobalSection(SolutionProperties) = preSolution
		HideSolutionNode = FALSE
	EndGlobalSection
	GlobalSection(ExtensibilityGlobals) = postSolution
		SolutionGuid = {FC8B4DCC-D0F5-455B-9620-2A75AC9BBF4F}
	EndGlobalSection
EndGlobal
